{
  "name": "homebridge-august-smart-locks",
  "version": "0.4.8",
  "lockfileVersion": 1,
  "requires": true,
  "dependencies": {
    "august-connect": {
      "version": "2.0.4",
      "resolved": "https://registry.npmjs.org/august-connect/-/august-connect-2.0.4.tgz",
      "integrity": "sha512-uA6MSJDkenLUlAaXumlqpDQRaNIg6D/Mj4AAy839rH6m/7pY8XUiGX0BkUyL+aaEuRxmxgkJcrcFrBWkhuOlxA==",
      "requires": {
        "tiny-json-http": "^7.1.2"
      }
    },
    "mkdirp": {
      "version": "0.3.5",
      "resolved": "https://registry.npmjs.org/mkdirp/-/mkdirp-0.3.5.tgz",
      "integrity": "sha1-3j5fiWHIjHh+4TaN+EmsRBPsqNc="
    },
    "node-persist": {
      "version": "0.0.8",
      "resolved": "https://registry.npmjs.org/node-persist/-/node-persist-0.0.8.tgz",
      "integrity": "sha1-pWxzm8b/2c7vGcDo2JWXkX8Ikkk=",
      "requires": {
        "mkdirp": "~0.3.5",
        "q": "~1.1.1"
      }
    },
    "psl": {
      "version": "1.8.0",
      "resolved": "https://registry.npmjs.org/psl/-/psl-1.8.0.tgz",
      "integrity": "sha512-RIdOzyoavK+hA18OGGWDqUTsCLhtA7IcZ/6NCs4fFJaHBDab+pDDmDIByWFRQJq2Cd7r1OoQxBGKOaztq+hjIQ=="
    },
    "punycode": {
      "version": "2.1.1",
      "resolved": "https://registry.npmjs.org/punycode/-/punycode-2.1.1.tgz",
      "integrity": "sha512-XRsRjdf+j5ml+y/6GKHPZbrF/8p2Yga0JPtdqTIY2Xe5ohJPD9saDJJLPvp9+NSBprVvevdXZybnj2cv8OEd0A=="
    },
    "q": {
      "version": "1.1.2",
      "resolved": "https://registry.npmjs.org/q/-/q-1.1.2.tgz",
      "integrity": "sha1-Y1fikSBnAdmfGXq4TlforRlvKok="
    },
    "tiny-json-http": {
      "version": "7.2.0",
      "resolved": "https://registry.npmjs.org/tiny-json-http/-/tiny-json-http-7.2.0.tgz",
      "integrity": "sha512-blMwK3w6R+9/ZCMAlrAw4/yOmym6SNaF8LNHqjVnugtDAWNK/+HxK9AgEy8ynagRniMIiWhUcVst16Qumf66QQ=="
    },
    "tough-cookie": {
      "version": "2.5.0",
      "resolved": "https://registry.npmjs.org/tough-cookie/-/tough-cookie-2.5.0.tgz",
      "integrity": "sha512-nlLsUzgm1kfLXSXfRZMc1KLAugd4hqJHDTvc2hDIwS3mZAfMEuMbc03SujMF+GEcpaX/qboeycw6iO8JwVv2+g==",
      "requires": {
        "psl": "^1.1.28",
        "punycode": "^2.1.1"
      }
    }
  }
}
